
Microsoft Visual Studio Solution File, Format Version 12.00
# Visual Studio Version 17
VisualStudioVersion = 17.8.34309.116
MinimumVisualStudioVersion = 10.0.40219.1
Project("{6EC3EE1D-3C4E-46DD-8F32-0CC8E7565705}") = "FSharp.Data.JsonProvider.Serializer", "src\FSharp.Data.JsonProvider.Serializer.fsproj", "{D8750E90-6B62-4FB9-8452-FD133F50B013}"
EndProject
Project("{F2A71F9B-5D33-465A-A702-920D77279786}") = "BenchmarkTests", "tests\Benchmarks\BenchmarkTests.fsproj", "{929730F2-89FD-4514-9A02-81319C4E9628}"
EndProject
Global
	GlobalSection(SolutionConfigurationPlatforms) = preSolution
		Debug|Any CPU = Debug|Any CPU
		Release|Any CPU = Release|Any CPU
	EndGlobalSection
	GlobalSection(ProjectConfigurationPlatforms) = postSolution
		{D8750E90-6B62-4FB9-8452-FD133F50B013}.Debug|Any CPU.ActiveCfg = Debug|Any CPU
		{D8750E90-6B62-4FB9-8452-FD133F50B013}.Debug|Any CPU.Build.0 = Debug|Any CPU
		{D8750E90-6B62-4FB9-8452-FD133F50B013}.Release|Any CPU.ActiveCfg = Release|Any CPU
		{D8750E90-6B62-4FB9-8452-FD133F50B013}.Release|Any CPU.Build.0 = Release|Any CPU
		{929730F2-89FD-4514-9A02-81319C4E9628}.Debug|Any CPU.ActiveCfg = Debug|Any CPU
		{929730F2-89FD-4514-9A02-81319C4E9628}.Debug|Any CPU.Build.0 = Debug|Any CPU
		{929730F2-89FD-4514-9A02-81319C4E9628}.Release|Any CPU.ActiveCfg = Release|Any CPU
		{929730F2-89FD-4514-9A02-81319C4E9628}.Release|Any CPU.Build.0 = Release|Any CPU
	EndGlobalSection
	GlobalSection(SolutionProperties) = preSolution
		HideSolutionNode = FALSE
	EndGlobalSection
	GlobalSection(ExtensibilityGlobals) = postSolution
		SolutionGuid = {E7A7708B-CD79-421F-B890-3F224B41C646}
	EndGlobalSection
EndGlobal
